<?xml version="1.0" encoding="utf-8"?>
<Project ToolsVersion="4.0" xmlns="http://schemas.microsoft.com/developer/msbuild/2003">
  <ItemGroup>
    <Filter Include="Menu">
      <UniqueIdentifier>{24d86647-5a9e-400d-807f-ff884c1d0d31}</UniqueIdentifier>
    </Filter>
    <Filter Include="ScreenReader">
      <UniqueIdentifier>{040d198c-aaf8-4700-bc60-47967844078c}</UniqueIdentifier>
    </Filter>
    <Filter Include="Configuration">
      <UniqueIdentifier>{6b54b070-ba59-4508-9a3d-e37f387fe0f3}</UniqueIdentifier>
    </Filter>
  </ItemGroup>
  <ItemGroup>
    <ClInclude Include="Menus\MenuType.h">
      <Filter>Menu</Filter>
    </ClInclude>
    <ClInclude Include="ScreenReader\AccessibilityMessages.h">
      <Filter>ScreenReader</Filter>
    </ClInclude>
    <ClInclude Include="ScreenReader\CommandMessages.h">
      <Filter>ScreenReader</Filter>
    </ClInclude>
    <ClInclude Include="ScreenReader\IScreenReader.h">
      <Filter>ScreenReader</Filter>
    </ClInclude>
    <ClInclude Include="ScreenReader\ScreenReader.h">
      <Filter>ScreenReader</Filter>
    </ClInclude>
    <ClInclude Include="ScreenReader\StringBuilder.h">
      <Filter>ScreenReader</Filter>
    </ClInclude>
    <ClInclude Include="ScreenReader\TolkController.h">
      <Filter>ScreenReader</Filter>
    </ClInclude>
    <ClInclude Include="FieldFocus\AccessibilityFieldFocus.h" />
    <ClInclude Include="Control\IEventHandler.h" />
    <ClInclude Include="Configuration\AccessibilityConfiguration.h">
      <Filter>Configuration</Filter>
    </ClInclude>
    <ClInclude Include="FieldFocus\AccessibilityDeckFocus.h" />
    <ClInclude Include="Models\Card.h" />
    <ClInclude Include="ScreenReader\Messages\AccessibilityStringDictionary.h" />
  </ItemGroup>
  <ItemGroup>
    <ClCompile Include="ScreenReader\AccessibilityMessages.cpp">
      <Filter>ScreenReader</Filter>
    </ClCompile>
    <ClCompile Include="ScreenReader\CommandMessages.cpp">
      <Filter>ScreenReader</Filter>
    </ClCompile>
    <ClCompile Include="ScreenReader\ScreenReader.cpp">
      <Filter>ScreenReader</Filter>
    </ClCompile>
    <ClCompile Include="ScreenReader\StringBuilder.cpp">
      <Filter>ScreenReader</Filter>
    </ClCompile>
    <ClCompile Include="ScreenReader\TolkController.cpp">
      <Filter>ScreenReader</Filter>
    </ClCompile>
    <ClCompile Include="Configuration\AccessibilityConfiguration.cpp">
      <Filter>Configuration</Filter>
    </ClCompile>
  </ItemGroup>
</Project>